9fans.net/go v0.0.0-20180727211846-5d4fa602e1e8 h1:I5as7fR6RT+wVrs+vOeEtOHJ4z2vnUnIR+cqvAiQ80s=
9fans.net/go v0.0.0-20180727211846-5d4fa602e1e8/go.mod h1:diCsxrliIURU9xsYtjCp5AbpQKqdhKmf0ujWDUSkfoY=
github.com/Plan9-Archive/libauth v0.0.0-20180917063427-d1ca9e94969d h1:xH/U6K+HYxh1480TkQYRqRO8F2RJsg+R6wFiVJzdldg=
github.com/Plan9-Archive/libauth v0.0.0-20180917063427-d1ca9e94969d/go.mod h1:UKp8dv9aeaZoQFWin7eQXtz89iHly1YAFZNn3MCutmQ=
github.com/hashicorp/golang-lru v0.5.4 h1:YDjusn29QI/Das2iO9M0BHnIbxPeyuCHsjMW+lJfyTc=
github.com/hashicorp/golang-lru v0.5.4/go.mod h1:iADmTwqILo4mZ8BN3D2Q6+9jd8WM5uGBxy+E8yxSoD4=
golang.org/x/crypto v0.0.0-20180910181607-0e37d006457b h1:2b9XGzhjiYsYPnKXoEfL7klWZQIt8IfyRCz62gCqqlQ=
golang.org/x/crypto v0.0.0-20180910181607-0e37d006457b/go.mod h1:6SG95UA2DQfeDnfUPMdvaQW0Q7yPrPDi9nlGo2tz2b4=
golang.org/x/sys v0.0.0-20180926160741-c2ed4eda69e7 h1:bit1t3mgdR35yN0cX0G8orgLtOuyL9Wqxa1mccLB0ig=
golang.org/x/sys v0.0.0-20180926160741-c2ed4eda69e7/go.mod h1:STP8DvDyc/dI5b8T5hshtkjS+E42TnysNCUPdjciGhY=
